
Microsoft Visual Studio Solution File, Format Version 12.00
Project("{FAE04EC0-301F-11D3-BF4B-00C04F79EFBC}") = "BookCatalogManagementSystem.Api", "BookCatalogManagementSystem.Api\BookCatalogManagementSystem.Api.csproj", "{AEE2BAD9-D5CF-49DC-A16F-204F5BFF8236}"
EndProject
Project("{FAE04EC0-301F-11D3-BF4B-00C04F79EFBC}") = "BookCatalogManagementSystem.Models", "..\BookCatalogManagementSystem.Models\BookCatalogManagementSystem.Models.csproj", "{E11DFD81-5EAE-47BF-A68E-A1AC7004D6EA}"
EndProject
Project("{FAE04EC0-301F-11D3-BF4B-00C04F79EFBC}") = "BookCatalogManagementSystem.Repository", "..\BookCatalogManagementSystem.Repository\BookCatalogManagementSystem.Repository.csproj", "{68BA3BE6-C6FE-43C6-9DB5-303CB506C498}"
EndProject
Project("{FAE04EC0-301F-11D3-BF4B-00C04F79EFBC}") = "BookCatalogManagementSystem.Services", "..\BookCatalogManagementSystem.Services\BookCatalogManagementSystem.Services.csproj", "{B5AE729F-DD38-449D-9C93-4C8E1DC367C2}"
EndProject
Global
	GlobalSection(SolutionConfigurationPlatforms) = preSolution
		Debug|Any CPU = Debug|Any CPU
		Release|Any CPU = Release|Any CPU
	EndGlobalSection
	GlobalSection(ProjectConfigurationPlatforms) = postSolution
		{AEE2BAD9-D5CF-49DC-A16F-204F5BFF8236}.Debug|Any CPU.ActiveCfg = Debug|Any CPU
		{AEE2BAD9-D5CF-49DC-A16F-204F5BFF8236}.Debug|Any CPU.Build.0 = Debug|Any CPU
		{AEE2BAD9-D5CF-49DC-A16F-204F5BFF8236}.Release|Any CPU.ActiveCfg = Release|Any CPU
		{AEE2BAD9-D5CF-49DC-A16F-204F5BFF8236}.Release|Any CPU.Build.0 = Release|Any CPU
		{E11DFD81-5EAE-47BF-A68E-A1AC7004D6EA}.Debug|Any CPU.ActiveCfg = Debug|Any CPU
		{E11DFD81-5EAE-47BF-A68E-A1AC7004D6EA}.Debug|Any CPU.Build.0 = Debug|Any CPU
		{E11DFD81-5EAE-47BF-A68E-A1AC7004D6EA}.Release|Any CPU.ActiveCfg = Release|Any CPU
		{E11DFD81-5EAE-47BF-A68E-A1AC7004D6EA}.Release|Any CPU.Build.0 = Release|Any CPU
		{68BA3BE6-C6FE-43C6-9DB5-303CB506C498}.Debug|Any CPU.ActiveCfg = Debug|Any CPU
		{68BA3BE6-C6FE-43C6-9DB5-303CB506C498}.Debug|Any CPU.Build.0 = Debug|Any CPU
		{68BA3BE6-C6FE-43C6-9DB5-303CB506C498}.Release|Any CPU.ActiveCfg = Release|Any CPU
		{68BA3BE6-C6FE-43C6-9DB5-303CB506C498}.Release|Any CPU.Build.0 = Release|Any CPU
		{B5AE729F-DD38-449D-9C93-4C8E1DC367C2}.Debug|Any CPU.ActiveCfg = Debug|Any CPU
		{B5AE729F-DD38-449D-9C93-4C8E1DC367C2}.Debug|Any CPU.Build.0 = Debug|Any CPU
		{B5AE729F-DD38-449D-9C93-4C8E1DC367C2}.Release|Any CPU.ActiveCfg = Release|Any CPU
		{B5AE729F-DD38-449D-9C93-4C8E1DC367C2}.Release|Any CPU.Build.0 = Release|Any CPU
	EndGlobalSection
EndGlobal
